
Microsoft Visual Studio Solution File, Format Version 12.00
# Visual Studio 15
VisualStudioVersion = 15.0.28307.489
MinimumVisualStudioVersion = 10.0.40219.1
Project("{8BC9CEB8-8B4A-11D0-8D11-00A0C91BC942}") = "GP1-Submission", "GP1-Submission\GP1-Submission.vcxproj", "{F43014DE-7E5E-48CF-A64B-F63AE199F81C}"
EndProject
Global
	GlobalSection(SolutionConfigurationPlatforms) = preSolution
		Debug|x64 = Debug|x64
		Debug|x86 = Debug|x86
		Release|x64 = Release|x64
		Release|x86 = Release|x86
	EndGlobalSection
	GlobalSection(ProjectConfigurationPlatforms) = postSolution
		{F43014DE-7E5E-48CF-A64B-F63AE199F81C}.Debug|x64.ActiveCfg = Debug|x64
		{F43014DE-7E5E-48CF-A64B-F63AE199F81C}.Debug|x64.Build.0 = Debug|x64
		{F43014DE-7E5E-48CF-A64B-F63AE199F81C}.Debug|x86.ActiveCfg = Debug|Win32
		{F43014DE-7E5E-48CF-A64B-F63AE199F81C}.Debug|x86.Build.0 = Debug|Win32
		{F43014DE-7E5E-48CF-A64B-F63AE199F81C}.Release|x64.ActiveCfg = Release|x64
		{F43014DE-7E5E-48CF-A64B-F63AE199F81C}.Release|x64.Build.0 = Release|x64
		{F43014DE-7E5E-48CF-A64B-F63AE199F81C}.Release|x86.ActiveCfg = Release|Win32
		{F43014DE-7E5E-48CF-A64B-F63AE199F81C}.Release|x86.Build.0 = Release|Win32
	EndGlobalSection
	GlobalSection(SolutionProperties) = preSolution
		HideSolutionNode = FALSE
	EndGlobalSection
	GlobalSection(ExtensibilityGlobals) = postSolution
		SolutionGuid = {95623946-CDE0-48DE-AA85-457DE3A8B1AF}
	EndGlobalSection
EndGlobal
